
Microsoft Visual Studio Solution File, Format Version 12.00
# Visual Studio 15
VisualStudioVersion = 15.0.26124.0
MinimumVisualStudioVersion = 15.0.26124.0
Project("{FAE04EC0-301F-11D3-BF4B-00C04F79EFBC}") = "R5T.Canterbury.Standard.Construction", "R5T.Canterbury.Standard.Construction\R5T.Canterbury.Standard.Construction.csproj", "{4094A103-2F9F-47CB-822C-9823469D04C3}"
EndProject
Project("{FAE04EC0-301F-11D3-BF4B-00C04F79EFBC}") = "R5T.Canterbury.Standard", "R5T.Canterbury.Standard\R5T.Canterbury.Standard.csproj", "{AD5DB089-24BC-4E13-8400-7C6CD706FFF1}"
EndProject
Project("{FAE04EC0-301F-11D3-BF4B-00C04F79EFBC}") = "R5T.Canterbury.Standard.Testing", "R5T.Canterbury.Standard.Testing\R5T.Canterbury.Standard.Testing.csproj", "{042A8C51-4EF7-4044-B271-942E369871C5}"
EndProject
Global
	GlobalSection(SolutionConfigurationPlatforms) = preSolution
		Debug|Any CPU = Debug|Any CPU
		Debug|x64 = Debug|x64
		Debug|x86 = Debug|x86
		Release|Any CPU = Release|Any CPU
		Release|x64 = Release|x64
		Release|x86 = Release|x86
	EndGlobalSection
	GlobalSection(SolutionProperties) = preSolution
		HideSolutionNode = FALSE
	EndGlobalSection
	GlobalSection(ProjectConfigurationPlatforms) = postSolution
		{4094A103-2F9F-47CB-822C-9823469D04C3}.Debug|Any CPU.ActiveCfg = Debug|Any CPU
		{4094A103-2F9F-47CB-822C-9823469D04C3}.Debug|Any CPU.Build.0 = Debug|Any CPU
		{4094A103-2F9F-47CB-822C-9823469D04C3}.Debug|x64.ActiveCfg = Debug|Any CPU
		{4094A103-2F9F-47CB-822C-9823469D04C3}.Debug|x64.Build.0 = Debug|Any CPU
		{4094A103-2F9F-47CB-822C-9823469D04C3}.Debug|x86.ActiveCfg = Debug|Any CPU
		{4094A103-2F9F-47CB-822C-9823469D04C3}.Debug|x86.Build.0 = Debug|Any CPU
		{4094A103-2F9F-47CB-822C-9823469D04C3}.Release|Any CPU.ActiveCfg = Release|Any CPU
		{4094A103-2F9F-47CB-822C-9823469D04C3}.Release|Any CPU.Build.0 = Release|Any CPU
		{4094A103-2F9F-47CB-822C-9823469D04C3}.Release|x64.ActiveCfg = Release|Any CPU
		{4094A103-2F9F-47CB-822C-9823469D04C3}.Release|x64.Build.0 = Release|Any CPU
		{4094A103-2F9F-47CB-822C-9823469D04C3}.Release|x86.ActiveCfg = Release|Any CPU
		{4094A103-2F9F-47CB-822C-9823469D04C3}.Release|x86.Build.0 = Release|Any CPU
		{AD5DB089-24BC-4E13-8400-7C6CD706FFF1}.Debug|Any CPU.ActiveCfg = Debug|Any CPU
		{AD5DB089-24BC-4E13-8400-7C6CD706FFF1}.Debug|Any CPU.Build.0 = Debug|Any CPU
		{AD5DB089-24BC-4E13-8400-7C6CD706FFF1}.Debug|x64.ActiveCfg = Debug|Any CPU
		{AD5DB089-24BC-4E13-8400-7C6CD706FFF1}.Debug|x64.Build.0 = Debug|Any CPU
		{AD5DB089-24BC-4E13-8400-7C6CD706FFF1}.Debug|x86.ActiveCfg = Debug|Any CPU
		{AD5DB089-24BC-4E13-8400-7C6CD706FFF1}.Debug|x86.Build.0 = Debug|Any CPU
		{AD5DB089-24BC-4E13-8400-7C6CD706FFF1}.Release|Any CPU.ActiveCfg = Release|Any CPU
		{AD5DB089-24BC-4E13-8400-7C6CD706FFF1}.Release|Any CPU.Build.0 = Release|Any CPU
		{AD5DB089-24BC-4E13-8400-7C6CD706FFF1}.Release|x64.ActiveCfg = Release|Any CPU
		{AD5DB089-24BC-4E13-8400-7C6CD706FFF1}.Release|x64.Build.0 = Release|Any CPU
		{AD5DB089-24BC-4E13-8400-7C6CD706FFF1}.Release|x86.ActiveCfg = Release|Any CPU
		{AD5DB089-24BC-4E13-8400-7C6CD706FFF1}.Release|x86.Build.0 = Release|Any CPU
		{042A8C51-4EF7-4044-B271-942E369871C5}.Debug|Any CPU.ActiveCfg = Debug|Any CPU
		{042A8C51-4EF7-4044-B271-942E369871C5}.Debug|Any CPU.Build.0 = Debug|Any CPU
		{042A8C51-4EF7-4044-B271-942E369871C5}.Debug|x64.ActiveCfg = Debug|Any CPU
		{042A8C51-4EF7-4044-B271-942E369871C5}.Debug|x64.Build.0 = Debug|Any CPU
		{042A8C51-4EF7-4044-B271-942E369871C5}.Debug|x86.ActiveCfg = Debug|Any CPU
		{042A8C51-4EF7-4044-B271-942E369871C5}.Debug|x86.Build.0 = Debug|Any CPU
		{042A8C51-4EF7-4044-B271-942E369871C5}.Release|Any CPU.ActiveCfg = Release|Any CPU
		{042A8C51-4EF7-4044-B271-942E369871C5}.Release|Any CPU.Build.0 = Release|Any CPU
		{042A8C51-4EF7-4044-B271-942E369871C5}.Release|x64.ActiveCfg = Release|Any CPU
		{042A8C51-4EF7-4044-B271-942E369871C5}.Release|x64.Build.0 = Release|Any CPU
		{042A8C51-4EF7-4044-B271-942E369871C5}.Release|x86.ActiveCfg = Release|Any CPU
		{042A8C51-4EF7-4044-B271-942E369871C5}.Release|x86.Build.0 = Release|Any CPU
	EndGlobalSection
EndGlobal
