
Microsoft Visual Studio Solution File, Format Version 12.00
# Visual Studio Version 16
VisualStudioVersion = 16.0.30114.105
MinimumVisualStudioVersion = 10.0.40219.1
Project("{FAE04EC0-301F-11D3-BF4B-00C04F79EFBC}") = "R5T.Canterbury.Standard", "R5T.Canterbury.Standard\R5T.Canterbury.Standard.csproj", "{24C1537C-9F0D-41CD-A2C4-899BEC7778FA}"
EndProject
Project("{FAE04EC0-301F-11D3-BF4B-00C04F79EFBC}") = "R5T.Canterbury.Standard.Construction", "R5T.Canterbury.Standard.Construction\R5T.Canterbury.Standard.Construction.csproj", "{80A82FBF-81DF-4406-9796-C9D80514605A}"
EndProject
Project("{FAE04EC0-301F-11D3-BF4B-00C04F79EFBC}") = "R5T.Canterbury.Standard.Testing", "R5T.Canterbury.Standard.Testing\R5T.Canterbury.Standard.Testing.csproj", "{D034F5DD-7143-4FC9-AF27-FEFDB39E0F60}"
EndProject
Global
	GlobalSection(SolutionConfigurationPlatforms) = preSolution
		Debug|Any CPU = Debug|Any CPU
		Debug|x64 = Debug|x64
		Debug|x86 = Debug|x86
		Release|Any CPU = Release|Any CPU
		Release|x64 = Release|x64
		Release|x86 = Release|x86
	EndGlobalSection
	GlobalSection(SolutionProperties) = preSolution
		HideSolutionNode = FALSE
	EndGlobalSection
	GlobalSection(ProjectConfigurationPlatforms) = postSolution
		{24C1537C-9F0D-41CD-A2C4-899BEC7778FA}.Debug|Any CPU.ActiveCfg = Debug|Any CPU
		{24C1537C-9F0D-41CD-A2C4-899BEC7778FA}.Debug|Any CPU.Build.0 = Debug|Any CPU
		{24C1537C-9F0D-41CD-A2C4-899BEC7778FA}.Debug|x64.ActiveCfg = Debug|Any CPU
		{24C1537C-9F0D-41CD-A2C4-899BEC7778FA}.Debug|x64.Build.0 = Debug|Any CPU
		{24C1537C-9F0D-41CD-A2C4-899BEC7778FA}.Debug|x86.ActiveCfg = Debug|Any CPU
		{24C1537C-9F0D-41CD-A2C4-899BEC7778FA}.Debug|x86.Build.0 = Debug|Any CPU
		{24C1537C-9F0D-41CD-A2C4-899BEC7778FA}.Release|Any CPU.ActiveCfg = Release|Any CPU
		{24C1537C-9F0D-41CD-A2C4-899BEC7778FA}.Release|Any CPU.Build.0 = Release|Any CPU
		{24C1537C-9F0D-41CD-A2C4-899BEC7778FA}.Release|x64.ActiveCfg = Release|Any CPU
		{24C1537C-9F0D-41CD-A2C4-899BEC7778FA}.Release|x64.Build.0 = Release|Any CPU
		{24C1537C-9F0D-41CD-A2C4-899BEC7778FA}.Release|x86.ActiveCfg = Release|Any CPU
		{24C1537C-9F0D-41CD-A2C4-899BEC7778FA}.Release|x86.Build.0 = Release|Any CPU
		{80A82FBF-81DF-4406-9796-C9D80514605A}.Debug|Any CPU.ActiveCfg = Debug|Any CPU
		{80A82FBF-81DF-4406-9796-C9D80514605A}.Debug|Any CPU.Build.0 = Debug|Any CPU
		{80A82FBF-81DF-4406-9796-C9D80514605A}.Debug|x64.ActiveCfg = Debug|Any CPU
		{80A82FBF-81DF-4406-9796-C9D80514605A}.Debug|x64.Build.0 = Debug|Any CPU
		{80A82FBF-81DF-4406-9796-C9D80514605A}.Debug|x86.ActiveCfg = Debug|Any CPU
		{80A82FBF-81DF-4406-9796-C9D80514605A}.Debug|x86.Build.0 = Debug|Any CPU
		{80A82FBF-81DF-4406-9796-C9D80514605A}.Release|Any CPU.ActiveCfg = Release|Any CPU
		{80A82FBF-81DF-4406-9796-C9D80514605A}.Release|Any CPU.Build.0 = Release|Any CPU
		{80A82FBF-81DF-4406-9796-C9D80514605A}.Release|x64.ActiveCfg = Release|Any CPU
		{80A82FBF-81DF-4406-9796-C9D80514605A}.Release|x64.Build.0 = Release|Any CPU
		{80A82FBF-81DF-4406-9796-C9D80514605A}.Release|x86.ActiveCfg = Release|Any CPU
		{80A82FBF-81DF-4406-9796-C9D80514605A}.Release|x86.Build.0 = Release|Any CPU
		{D034F5DD-7143-4FC9-AF27-FEFDB39E0F60}.Debug|Any CPU.ActiveCfg = Debug|Any CPU
		{D034F5DD-7143-4FC9-AF27-FEFDB39E0F60}.Debug|Any CPU.Build.0 = Debug|Any CPU
		{D034F5DD-7143-4FC9-AF27-FEFDB39E0F60}.Debug|x64.ActiveCfg = Debug|Any CPU
		{D034F5DD-7143-4FC9-AF27-FEFDB39E0F60}.Debug|x64.Build.0 = Debug|Any CPU
		{D034F5DD-7143-4FC9-AF27-FEFDB39E0F60}.Debug|x86.ActiveCfg = Debug|Any CPU
		{D034F5DD-7143-4FC9-AF27-FEFDB39E0F60}.Debug|x86.Build.0 = Debug|Any CPU
		{D034F5DD-7143-4FC9-AF27-FEFDB39E0F60}.Release|Any CPU.ActiveCfg = Release|Any CPU
		{D034F5DD-7143-4FC9-AF27-FEFDB39E0F60}.Release|Any CPU.Build.0 = Release|Any CPU
		{D034F5DD-7143-4FC9-AF27-FEFDB39E0F60}.Release|x64.ActiveCfg = Release|Any CPU
		{D034F5DD-7143-4FC9-AF27-FEFDB39E0F60}.Release|x64.Build.0 = Release|Any CPU
		{D034F5DD-7143-4FC9-AF27-FEFDB39E0F60}.Release|x86.ActiveCfg = Release|Any CPU
		{D034F5DD-7143-4FC9-AF27-FEFDB39E0F60}.Release|x86.Build.0 = Release|Any CPU
	EndGlobalSection
EndGlobal
